<?xml version="1.0" encoding="utf-8"?>
<Project ToolsVersion="4.0" xmlns="http://schemas.microsoft.com/developer/msbuild/2003">
  <ItemGroup>
    <Filter Include="Core">
      <UniqueIdentifier>{93995380-89BD-4b04-88EB-625FBE52EBFB}</UniqueIdentifier>
      <Extensions>h;hh;hpp;hxx;h++;hm;inl;inc;ipp;xsd</Extensions>
    </Filter>
    <Filter Include="Model">
      <UniqueIdentifier>{67DA6AB6-F800-4c08-8B7A-83BB121AAD01}</UniqueIdentifier>
      <Extensions>rc;ico;cur;bmp;dlg;rc2;rct;bin;rgs;gif;jpg;jpeg;jpe;resx;tiff;tif;png;wav;mfcribbon-ms</Extensions>
    </Filter>
    <Filter Include="Util">
      <UniqueIdentifier>{4FC737F1-C7A5-4376-A066-2A32D752A2FF}</UniqueIdentifier>
      <Extensions>cpp;c;cc;cxx;c++;cppm;ixx;def;odl;idl;hpj;bat;asm;asmx</Extensions>
    </Filter>
    <Filter Include="Shaders">
      <UniqueIdentifier>{6507710d-7702-4b63-8524-36a90f2c9fbf}</UniqueIdentifier>
    </Filter>
  </ItemGroup>
  <ItemGroup>
    <ClInclude Include="FpsCamera.h">
      <Filter>Core</Filter>
    </ClInclude>
    <ClInclude Include="FrameResource.h">
      <Filter>Core</Filter>
    </ClInclude>
    <ClInclude Include="UploadBuffer.h">
      <Filter>Core</Filter>
    </ClInclude>
    <ClInclude Include="MyD3D12.h">
      <Filter>Core</Filter>
    </ClInclude>
    <ClInclude Include="Renderer.h">
      <Filter>Core</Filter>
    </ClInclude>
    <ClInclude Include="Texture.h">
      <Filter>Core</Filter>
    </ClInclude>
    <ClInclude Include="Geometry.h">
      <Filter>Model</Filter>
    </ClInclude>
    <ClInclude Include="ModelLoad.h">
      <Filter>Model</Filter>
    </ClInclude>
    <ClInclude Include="Common.h">
      <Filter>Util</Filter>
    </ClInclude>
    <ClInclude Include="d3dx12.h">
      <Filter>Util</Filter>
    </ClInclude>
    <ClInclude Include="DXSample.h">
      <Filter>Util</Filter>
    </ClInclude>
    <ClInclude Include="DXSampleHelper.h">
      <Filter>Util</Filter>
    </ClInclude>
    <ClInclude Include="MathHelper.h">
      <Filter>Util</Filter>
    </ClInclude>
    <ClInclude Include="StepTimer.h">
      <Filter>Util</Filter>
    </ClInclude>
    <ClInclude Include="Win32Application.h">
      <Filter>Util</Filter>
    </ClInclude>
    <ClInclude Include="pch.h">
      <Filter>Core</Filter>
    </ClInclude>
    <ClInclude Include="DDSTextureLoader.h">
      <Filter>Model</Filter>
    </ClInclude>
    <ClInclude Include="Light.h">
      <Filter>Core</Filter>
    </ClInclude>
  </ItemGroup>
  <ItemGroup>
    <ClCompile Include="FpsCamera.cpp">
      <Filter>Core</Filter>
    </ClCompile>
    <ClCompile Include="FrameResource.cpp">
      <Filter>Core</Filter>
    </ClCompile>
    <ClCompile Include="UploadBuffer.cpp">
      <Filter>Core</Filter>
    </ClCompile>
    <ClCompile Include="MyD3D12.cpp">
      <Filter>Core</Filter>
    </ClCompile>
    <ClCompile Include="Geometry.cpp">
      <Filter>Model</Filter>
    </ClCompile>
    <ClCompile Include="ModelLoad.cpp">
      <Filter>Model</Filter>
    </ClCompile>
    <ClCompile Include="DXSample.cpp">
      <Filter>Util</Filter>
    </ClCompile>
    <ClCompile Include="MathHelper.cpp">
      <Filter>Util</Filter>
    </ClCompile>
    <ClCompile Include="Win32Application.cpp">
      <Filter>Util</Filter>
    </ClCompile>
    <ClCompile Include="pch.cpp">
      <Filter>Core</Filter>
    </ClCompile>
    <ClCompile Include="Main.cpp">
      <Filter>Core</Filter>
    </ClCompile>
    <ClCompile Include="DDSTextureLoader.cpp">
      <Filter>Model</Filter>
    </ClCompile>
  </ItemGroup>
  <ItemGroup>
    <None Include="packages.config" />
    <None Include="bin\x64\Debug\Shading.hlsl">
      <Filter>Shaders</Filter>
    </None>
    <None Include="bin\x64\Debug\Common.hlsl">
      <Filter>Shaders</Filter>
    </None>
  </ItemGroup>
  <ItemGroup>
    <FxCompile Include="bin\x64\Debug\CubemapPS.hlsl">
      <Filter>Shaders</Filter>
    </FxCompile>
    <FxCompile Include="bin\x64\Debug\CubemapVS.hlsl">
      <Filter>Shaders</Filter>
    </FxCompile>
    <FxCompile Include="bin\x64\Debug\MainPS.hlsl">
      <Filter>Shaders</Filter>
    </FxCompile>
    <FxCompile Include="bin\x64\Debug\MainVS.hlsl">
      <Filter>Shaders</Filter>
    </FxCompile>
    <FxCompile Include="bin\x64\Debug\Outline_VS.hlsl">
      <Filter>Shaders</Filter>
    </FxCompile>
    <FxCompile Include="bin\x64\Debug\Outline_PS.hlsl">
      <Filter>Shaders</Filter>
    </FxCompile>
  </ItemGroup>
</Project>